// !$*UTF8*$!
{
	archiveVersion = 1;
	classes = {
	};
	objectVersion = 46;
	objects = {

/* Begin PBXBuildFile section */
		2886A3DC1D98648A0011D635 /* AppDelegate.swift in Sources */ = {isa = PBXBuildFile; fileRef = 2886A3DB1D98648A0011D635 /* AppDelegate.swift */; };
		2886A3DE1D98648A0011D635 /* MyTableViewController.swift in Sources */ = {isa = PBXBuildFile; fileRef = 2886A3DD1D98648A0011D635 /* MyTableViewController.swift */; };
		2886A3E11D98648A0011D635 /* Main.storyboard in Resources */ = {isa = PBXBuildFile; fileRef = 2886A3DF1D98648A0011D635 /* Main.storyboard */; };
		2886A3E31D98648A0011D635 /* Assets.xcassets in Resources */ = {isa = PBXBuildFile; fileRef = 2886A3E21D98648A0011D635 /* Assets.xcassets */; };
		2886A3E61D98648A0011D635 /* LaunchScreen.storyboard in Resources */ = {isa = PBXBuildFile; fileRef = 2886A3E41D98648A0011D635 /* LaunchScreen.storyboard */; };
		2886A3EE1D9869030011D635 /* EbayAPI.swift in Sources */ = {isa = PBXBuildFile; fileRef = 2886A3ED1D9869030011D635 /* EbayAPI.swift */; };
		28BDBF1F1D99897E003DF4B8 /* BookStore.swift in Sources */ = {isa = PBXBuildFile; fileRef = 28BDBF1E1D99897E003DF4B8 /* BookStore.swift */; };
		28BDBF211D9989F7003DF4B8 /* Item.swift in Sources */ = {isa = PBXBuildFile; fileRef = 28BDBF201D9989F7003DF4B8 /* Item.swift */; };
		28BDBF241D998A11003DF4B8 /* BookList.xcdatamodeld in Sources */ = {isa = PBXBuildFile; fileRef = 28BDBF221D998A11003DF4B8 /* BookList.xcdatamodeld */; };
/* End PBXBuildFile section */

/* Begin PBXFileReference section */
		2886A3D81D98648A0011D635 /* BookList.app */ = {isa = PBXFileReference; explicitFileType = wrapper.application; includeInIndex = 0; path = BookList.app; sourceTree = BUILT_PRODUCTS_DIR; };
		2886A3DB1D98648A0011D635 /* AppDelegate.swift */ = {isa = PBXFileReference; lastKnownFileType = sourcecode.swift; path = AppDelegate.swift; sourceTree = "<group>"; };
		2886A3DD1D98648A0011D635 /* MyTableViewController.swift */ = {isa = PBXFileReference; lastKnownFileType = sourcecode.swift; path = MyTableViewController.swift; sourceTree = "<group>"; };
		2886A3E01D98648A0011D635 /* Base */ = {isa = PBXFileReference; lastKnownFileType = file.storyboard; name = Base; path = Base.lproj/Main.storyboard; sourceTree = "<group>"; };
		2886A3E21D98648A0011D635 /* Assets.xcassets */ = {isa = PBXFileReference; lastKnownFileType = folder.assetcatalog; path = Assets.xcassets; sourceTree = "<group>"; };
		2886A3E51D98648A0011D635 /* Base */ = {isa = PBXFileReference; lastKnownFileType = file.storyboard; name = Base; path = Base.lproj/LaunchScreen.storyboard; sourceTree = "<group>"; };
		2886A3E71D98648A0011D635 /* Info.plist */ = {isa = PBXFileReference; lastKnownFileType = text.plist.xml; path = Info.plist; sourceTree = "<group>"; };
		2886A3ED1D9869030011D635 /* EbayAPI.swift */ = {isa = PBXFileReference; fileEncoding = 4; lastKnownFileType = sourcecode.swift; path = EbayAPI.swift; sourceTree = "<group>"; };
		28BDBF1E1D99897E003DF4B8 /* BookStore.swift */ = {isa = PBXFileReference; fileEncoding = 4; lastKnownFileType = sourcecode.swift; path = BookStore.swift; sourceTree = "<group>"; };
		28BDBF201D9989F7003DF4B8 /* Item.swift */ = {isa = PBXFileReference; fileEncoding = 4; lastKnownFileType = sourcecode.swift; path = Item.swift; sourceTree = "<group>"; };
		28BDBF231D998A11003DF4B8 /* BookList.xcdatamodel */ = {isa = PBXFileReference; lastKnownFileType = wrapper.xcdatamodel; path = BookList.xcdatamodel; sourceTree = "<group>"; };
/* End PBXFileReference section */

/* Begin PBXFrameworksBuildPhase section */
		2886A3D51D98648A0011D635 /* Frameworks */ = {
			isa = PBXFrameworksBuildPhase;
			buildActionMask = 2147483647;
			files = (
			);
			runOnlyForDeploymentPostprocessing = 0;
		};
/* End PBXFrameworksBuildPhase section */

/* Begin PBXGroup section */
		2886A3CF1D98648A0011D635 = {
			isa = PBXGroup;
			children = (
				2886A3DA1D98648A0011D635 /* BookList */,
				2886A3D91D98648A0011D635 /* Products */,
			);
			sourceTree = "<group>";
		};
		2886A3D91D98648A0011D635 /* Products */ = {
			isa = PBXGroup;
			children = (
				2886A3D81D98648A0011D635 /* BookList.app */,
			);
			name = Products;
			sourceTree = "<group>";
		};
		2886A3DA1D98648A0011D635 /* BookList */ = {
			isa = PBXGroup;
			children = (
				2886A3DB1D98648A0011D635 /* AppDelegate.swift */,
				2886A3DD1D98648A0011D635 /* MyTableViewController.swift */,
				2886A3DF1D98648A0011D635 /* Main.storyboard */,
				2886A3ED1D9869030011D635 /* EbayAPI.swift */,
				28BDBF1E1D99897E003DF4B8 /* BookStore.swift */,
				28BDBF201D9989F7003DF4B8 /* Item.swift */,
				28BDBF221D998A11003DF4B8 /* BookList.xcdatamodeld */,
				2886A3E21D98648A0011D635 /* Assets.xcassets */,
				2886A3E41D98648A0011D635 /* LaunchScreen.storyboard */,
				2886A3E71D98648A0011D635 /* Info.plist */,
			);
			path = BookList;
			sourceTree = "<group>";
		};
/* End PBXGroup section */

/* Begin PBXNativeTarget section */
		2886A3D71D98648A0011D635 /* BookList */ = {
			isa = PBXNativeTarget;
			buildConfigurationList = 2886A3EA1D98648A0011D635 /* Build configuration list for PBXNativeTarget "BookList" */;
			buildPhases = (
				2886A3D41D98648A0011D635 /* Sources */,
				2886A3D51D98648A0011D635 /* Frameworks */,
				2886A3D61D98648A0011D635 /* Resources */,
			);
			buildRules = (
			);
			dependencies = (
			);
			name = BookList;
			productName = BookList;
			productReference = 2886A3D81D98648A0011D635 /* BookList.app */;
			productType = "com.apple.product-type.application";
		};
/* End PBXNativeTarget section */

/* Begin PBXProject section */
		2886A3D01D98648A0011D635 /* Project object */ = {
			isa = PBXProject;
			attributes = {
				LastSwiftUpdateCheck = 0800;
				LastUpgradeCheck = 0800;
				ORGANIZATIONNAME = "Neil Vitale";
				TargetAttributes = {
					2886A3D71D98648A0011D635 = {
						CreatedOnToolsVersion = 8.0;
						ProvisioningStyle = Automatic;
					};
				};
			};
			buildConfigurationList = 2886A3D31D98648A0011D635 /* Build configuration list for PBXProject "BookList" */;
			compatibilityVersion = "Xcode 3.2";
			developmentRegion = English;
			hasScannedForEncodings = 0;
			knownRegions = (
				en,
				Base,
			);
			mainGroup = 2886A3CF1D98648A0011D635;
			productRefGroup = 2886A3D91D98648A0011D635 /* Products */;
			projectDirPath = "";
			projectRoot = "";
			targets = (
				2886A3D71D98648A0011D635 /* BookList */,
			);
		};
/* End PBXProject section */

/* Begin PBXResourcesBuildPhase section */
		2886A3D61D98648A0011D635 /* Resources */ = {
			isa = PBXResourcesBuildPhase;
			buildActionMask = 2147483647;
			files = (
				2886A3E61D98648A0011D635 /* LaunchScreen.storyboard in Resources */,
				2886A3E31D98648A0011D635 /* Assets.xcassets in Resources */,
				2886A3E11D98648A0011D635 /* Main.storyboard in Resources */,
			);
			runOnlyForDeploymentPostprocessing = 0;
		};
/* End PBXResourcesBuildPhase section */

/* Begin PBXSourcesBuildPhase section */
		2886A3D41D98648A0011D635 /* Sources */ = {
			isa = PBXSourcesBuildPhase;
			buildActionMask = 2147483647;
			files = (
				28BDBF211D9989F7003DF4B8 /* Item.swift in Sources */,
				2886A3DE1D98648A0011D635 /* MyTableViewController.swift in Sources */,
				28BDBF241D998A11003DF4B8 /* BookList.xcdatamodeld in Sources */,
				2886A3EE1D9869030011D635 /* EbayAPI.swift in Sources */,
				28BDBF1F1D99897E003DF4B8 /* BookStore.swift in Sources */,
				2886A3DC1D98648A0011D635 /* AppDelegate.swift in Sources */,
			);
			runOnlyForDeploymentPostprocessing = 0;
		};
/* End PBXSourcesBuildPhase section */

/* Begin PBXVariantGroup section */
		2886A3DF1D98648A0011D635 /* Main.storyboard */ = {
			isa = PBXVariantGroup;
			children = (
				2886A3E01D98648A0011D635 /* Base */,
			);
			name = Main.storyboard;
			sourceTree = "<group>";
		};
		2886A3E41D98648A0011D635 /* LaunchScreen.storyboard */ = {
			isa = PBXVariantGroup;
			children = (
				2886A3E51D98648A0011D635 /* Base */,
			);
			name = LaunchScreen.storyboard;
			sourceTree = "<group>";
		};
/* End PBXVariantGroup section */

/* Begin XCBuildConfiguration section */
		2886A3E81D98648A0011D635 /* Debug */ = {
			isa = XCBuildConfiguration;
			buildSettings = {
				ALWAYS_SEARCH_USER_PATHS = NO;
				CLANG_ANALYZER_NONNULL = YES;
				CLANG_CXX_LANGUAGE_STANDARD = "gnu++0x";
				CLANG_CXX_LIBRARY = "libc++";
				CLANG_ENABLE_MODULES = YES;
				CLANG_ENABLE_OBJC_ARC = YES;
				CLANG_WARN_BOOL_CONVERSION = YES;
				CLANG_WARN_CONSTANT_CONVERSION = YES;
				CLANG_WARN_DIRECT_OBJC_ISA_USAGE = YES_ERROR;
				CLANG_WARN_DOCUMENTATION_COMMENTS = YES;
				CLANG_WARN_EMPTY_BODY = YES;
				CLANG_WARN_ENUM_CONVERSION = YES;
				CLANG_WARN_INFINITE_RECURSION = YES;
				CLANG_WARN_INT_CONVERSION = YES;
				CLANG_WARN_OBJC_ROOT_CLASS = YES_ERROR;
				CLANG_WARN_SUSPICIOUS_MOVES = YES;
				CLANG_WARN_UNREACHABLE_CODE = YES;
				CLANG_WARN__DUPLICATE_METHOD_MATCH = YES;
				"CODE_SIGN_IDENTITY[sdk=iphoneos*]" = "iPhone Developer";
				COPY_PHASE_STRIP = NO;
				DEBUG_INFORMATION_FORMAT = dwarf;
				ENABLE_STRICT_OBJC_MSGSEND = YES;
				ENABLE_TESTABILITY = YES;
				GCC_C_LANGUAGE_STANDARD = gnu99;
				GCC_DYNAMIC_NO_PIC = NO;
				GCC_NO_COMMON_BLOCKS = YES;
				GCC_OPTIMIZATION_LEVEL = 0;
				GCC_PREPROCESSOR_DEFINITIONS = (
					"DEBUG=1",
					"$(inherited)",
				);
				GCC_WARN_64_TO_32_BIT_CONVERSION = YES;
				GCC_WARN_ABOUT_RETURN_TYPE = YES_ERROR;
				GCC_WARN_UNDECLARED_SELECTOR = YES;
				GCC_WARN_UNINITIALIZED_AUTOS = YES_AGGRESSIVE;
				GCC_WARN_UNUSED_FUNCTION = YES;
				GCC_WARN_UNUSED_VARIABLE = YES;
				IPHONEOS_DEPLOYMENT_TARGET = 10.0;
				MTL_ENABLE_DEBUG_INFO = YES;
				ONLY_ACTIVE_ARCH = YES;
				SDKROOT = iphoneos;
				SWIFT_ACTIVE_COMPILATION_CONDITIONS = DEBUG;
				SWIFT_OPTIMIZATION_LEVEL = "-Onone";
				TARGETED_DEVICE_FAMILY = "1,2";
			};
			name = Debug;
		};
		2886A3E91D98648A0011D635 /* Release */ = {
			isa = XCBuildConfiguration;
			buildSettings = {
				ALWAYS_SEARCH_USER_PATHS = NO;
				CLANG_ANALYZER_NONNULL = YES;
				CLANG_CXX_LANGUAGE_STANDARD = "gnu++0x";
				CLANG_CXX_LIBRARY = "libc++";
				CLANG_ENABLE_MODULES = YES;
				CLANG_ENABLE_OBJC_ARC = YES;
				CLANG_WARN_BOOL_CONVERSION = YES;
				CLANG_WARN_CONSTANT_CONVERSION = YES;
				CLANG_WARN_DIRECT_OBJC_ISA_USAGE = YES_ERROR;
				CLANG_WARN_DOCUMENTATION_COMMENTS = YES;
				CLANG_WARN_EMPTY_BODY = YES;
				CLANG_WARN_ENUM_CONVERSION = YES;
				CLANG_WARN_INFINITE_RECURSION = YES;
				CLANG_WARN_INT_CONVERSION = YES;
				CLANG_WARN_OBJC_ROOT_CLASS = YES_ERROR;
				CLANG_WARN_SUSPICIOUS_MOVES = YES;
				CLANG_WARN_UNREACHABLE_CODE = YES;
				CLANG_WARN__DUPLICATE_METHOD_MATCH = YES;
				"CODE_SIGN_IDENTITY[sdk=iphoneos*]" = "iPhone Developer";
				COPY_PHASE_STRIP = NO;
				DEBUG_INFORMATION_FORMAT = "dwarf-with-dsym";
				ENABLE_NS_ASSERTIONS = NO;
				ENABLE_STRICT_OBJC_MSGSEND = YES;
				GCC_C_LANGUAGE_STANDARD = gnu99;
				GCC_NO_COMMON_BLOCKS = YES;
				GCC_WARN_64_TO_32_BIT_CONVERSION = YES;
				GCC_WARN_ABOUT_RETURN_TYPE = YES_ERROR;
				GCC_WARN_UNDECLARED_SELECTOR = YES;
				GCC_WARN_UNINITIALIZED_AUTOS = YES_AGGRESSIVE;
				GCC_WARN_UNUSED_FUNCTION = YES;
				GCC_WARN_UNUSED_VARIABLE = YES;
				IPHONEOS_DEPLOYMENT_TARGET = 10.0;
				MTL_ENABLE_DEBUG_INFO = NO;
				SDKROOT = iphoneos;
				SWIFT_OPTIMIZATION_LEVEL = "-Owholemodule";
				TARGETED_DEVICE_FAMILY = "1,2";
				VALIDATE_PRODUCT = YES;
			};
			name = Release;
		};
		2886A3EB1D98648A0011D635 /* Debug */ = {
			isa = XCBuildConfiguration;
			buildSettings = {
				ASSETCATALOG_COMPILER_APPICON_NAME = AppIcon;
				INFOPLIST_FILE = BookList/Info.plist;
				LD_RUNPATH_SEARCH_PATHS = "$(inherited) @executable_path/Frameworks";
				PRODUCT_BUNDLE_IDENTIFIER = com.IronYard.BookList;
				PRODUCT_NAME = "$(TARGET_NAME)";
				SWIFT_VERSION = 3.0;
			};
			name = Debug;
		};
		2886A3EC1D98648A0011D635 /* Release */ = {
			isa = XCBuildConfiguration;
			buildSettings = {
				ASSETCATALOG_COMPILER_APPICON_NAME = AppIcon;
				INFOPLIST_FILE = BookList/Info.plist;
				LD_RUNPATH_SEARCH_PATHS = "$(inherited) @executable_path/Frameworks";
				PRODUCT_BUNDLE_IDENTIFIER = com.IronYard.BookList;
				PRODUCT_NAME = "$(TARGET_NAME)";
				SWIFT_VERSION = 3.0;
			};
			name = Release;
		};
/* End XCBuildConfiguration section */

/* Begin XCConfigurationList section */
		2886A3D31D98648A0011D635 /* Build configuration list for PBXProject "BookList" */ = {
			isa = XCConfigurationList;
			buildConfigurations = (
				2886A3E81D98648A0011D635 /* Debug */,
				2886A3E91D98648A0011D635 /* Release */,
			);
			defaultConfigurationIsVisible = 0;
			defaultConfigurationName = Release;
		};
		2886A3EA1D98648A0011D635 /* Build configuration list for PBXNativeTarget "BookList" */ = {
			isa = XCConfigurationList;
			buildConfigurations = (
				2886A3EB1D98648A0011D635 /* Debug */,
				2886A3EC1D98648A0011D635 /* Release */,
			);
			defaultConfigurationIsVisible = 0;
			defaultConfigurationName = Release;
		};
/* End XCConfigurationList section */

/* Begin XCVersionGroup section */
		28BDBF221D998A11003DF4B8 /* BookList.xcdatamodeld */ = {
			isa = XCVersionGroup;
			children = (
				28BDBF231D998A11003DF4B8 /* BookList.xcdatamodel */,
			);
			currentVersion = 28BDBF231D998A11003DF4B8 /* BookList.xcdatamodel */;
			path = BookList.xcdatamodeld;
			sourceTree = "<group>";
			versionGroupType = wrapper.xcdatamodel;
		};
/* End XCVersionGroup section */
	};
	rootObject = 2886A3D01D98648A0011D635 /* Project object */;
}
